dependencies:
  ROSMicroPy:
    component_hash: null
    source:
      path: /opt/rosmicropy/extra_packages/ROSMicroPy/main_esp32
      type: local
    version: '*'
  espressif/mdns:
    component_hash: 46ee81d32fbf850462d8af1e83303389602f6a6a9eddd2a55104cb4c063858ed
    source:
      service_url: https://api.components.espressif.com/
      type: service
    version: 1.1.0
  idf:
    component_hash: null
    source:
      type: idf
    version: 5.1.3
manifest_hash: 05172dac7e7c17ef4f869ca444c8d81e91435c460889f1960a676ed43dda1ef9
target: esp32
version: 1.0.0
